// !$*UTF8*$!
{
	archiveVersion = 1;
	classes = {
	};
	objectVersion = 54;
	objects = {

/* Begin PBXBuildFile section */
		07D4ED59C573437FAC406A21 /* Cairo-Regular.ttf in Resources */ = {isa = PBXBuildFile; fileRef = CAAD21AECA044C409602751D /* Cairo-Regular.ttf */; };
		07EECC6A19CD43E2971D587B /* GoogleService-Info.plist in Resources */ = {isa = PBXBuildFile; fileRef = F950D92B0D034887A5DB6FA0 /* GoogleService-Info.plist */; };
		13B07FBF1A68108700A75B9A /* Images.xcassets in Resources */ = {isa = PBXBuildFile; fileRef = 13B07FB51A68108700A75B9A /* Images.xcassets */; };
		28847692ACF64E8093342F07 /* Cairo-SemiBold.ttf in Resources */ = {isa = PBXBuildFile; fileRef = A049F14DDE52494099E39791 /* Cairo-SemiBold.ttf */; };
		2CF757E507FF4A2B87582023 /* NotoSans-Regular.ttf in Resources */ = {isa = PBXBuildFile; fileRef = 06EF99F013E7462CBFF4BF20 /* NotoSans-Regular.ttf */; };
		3B9B9E6E7BA44997A64304C2 /* Outfit-Regular.ttf in Resources */ = {isa = PBXBuildFile; fileRef = FC8A7E1EFEEF4379A7910219 /* Outfit-Regular.ttf */; };
		3E461D99554A48A4959DE609 /* SplashScreen.storyboard in Resources */ = {isa = PBXBuildFile; fileRef = AA286B85B6C04FC6940260E9 /* SplashScreen.storyboard */; };
		3FE5AFE712FF4C25B226BB75 /* Outfit-Bold.ttf in Resources */ = {isa = PBXBuildFile; fileRef = 5BB27BFEB85A4806A3DDF51B /* Outfit-Bold.ttf */; };
		45FDD07AD72B89F3B8059AEF /* libPods-Kashier.a in Frameworks */ = {isa = PBXBuildFile; fileRef = CD5C9F7E17BE2864A201BF5D /* libPods-Kashier.a */; };
		4B1AFA9A8982860AD57B2F02 /* PrivacyInfo.xcprivacy in Resources */ = {isa = PBXBuildFile; fileRef = 689AF4C5C98A2AA011D20E6B /* PrivacyInfo.xcprivacy */; };
		52C49C49DF5A4C8193C0365B /* NotoSans-Medium.ttf in Resources */ = {isa = PBXBuildFile; fileRef = 1E6CD311B9D344AC93CB0276 /* NotoSans-Medium.ttf */; };
		5B04A518E1644DD79EA6B0E1 /* NotoSans-SemiBold.ttf in Resources */ = {isa = PBXBuildFile; fileRef = BEA0D49AC1314771A05B3B6B /* NotoSans-SemiBold.ttf */; };
		7B0B7DF9F2E64071B442D00D /* Outfit-SemiBold.ttf in Resources */ = {isa = PBXBuildFile; fileRef = 5C7FEE64978F481CA230E0B0 /* Outfit-SemiBold.ttf */; };
		8256BD4143BE4FF781A85DA1 /* NotoNaskhArabic-Bold.ttf in Resources */ = {isa = PBXBuildFile; fileRef = D9180FBE9D8B47D593082BBF /* NotoNaskhArabic-Bold.ttf */; };
		8A7A2D6DA84C4A569F32CFA1 /* NotoNaskhArabic-Medium.ttf in Resources */ = {isa = PBXBuildFile; fileRef = 3ABBBAC32E1D4911B274E61F /* NotoNaskhArabic-Medium.ttf */; };
		90BC9B3A2EDD44A2B103C5F6 /* Cairo-Bold.ttf in Resources */ = {isa = PBXBuildFile; fileRef = 556983CD32394229A1A99CE5 /* Cairo-Bold.ttf */; };
		91F5F0F3F3D3487CAAA204FB /* NotoNaskhArabic-Regular.ttf in Resources */ = {isa = PBXBuildFile; fileRef = 19C2CD4AEB5544789209453F /* NotoNaskhArabic-Regular.ttf */; };
		A3C0E6CE180B4781AC31E6DA /* Outfit-Medium.ttf in Resources */ = {isa = PBXBuildFile; fileRef = E8CA30768787433781650932 /* Outfit-Medium.ttf */; };
		B62032D8E553877701C62D56 /* ExpoModulesProvider.swift in Sources */ = {isa = PBXBuildFile; fileRef = C0FBFE0D8BC8335FE374C4FB /* ExpoModulesProvider.swift */; };
		BB2F792D24A3F905000567C9 /* Expo.plist in Resources */ = {isa = PBXBuildFile; fileRef = BB2F792C24A3F905000567C9 /* Expo.plist */; };
		BB632A41E902460AAB491FA9 /* NotoNaskhArabic-SemiBold.ttf in Resources */ = {isa = PBXBuildFile; fileRef = 92D32EC594DD499AAC1683C6 /* NotoNaskhArabic-SemiBold.ttf */; };
		D6B2F1BAC63C4018B8A26C16 /* Cairo-Medium.ttf in Resources */ = {isa = PBXBuildFile; fileRef = 63548035429443E196345B21 /* Cairo-Medium.ttf */; };
		EB1179178F1B41819F655CEB /* NotoSans-Bold.ttf in Resources */ = {isa = PBXBuildFile; fileRef = 5FA85889238A4736A144583C /* NotoSans-Bold.ttf */; };
		F11748422D0307B40044C1D9 /* AppDelegate.swift in Sources */ = {isa = PBXBuildFile; fileRef = F11748412D0307B40044C1D9 /* AppDelegate.swift */; };
/* End PBXBuildFile section */

/* Begin PBXFileReference section */
		06EF99F013E7462CBFF4BF20 /* NotoSans-Regular.ttf */ = {isa = PBXFileReference; explicitFileType = undefined; fileEncoding = undefined; includeInIndex = 0; lastKnownFileType = unknown; name = "NotoSans-Regular.ttf"; path = "../src/shared/assets/fonts/NotoSans-Regular.ttf"; sourceTree = "<group>"; };
		13B07F961A680F5B00A75B9A /* Kashier.app */ = {isa = PBXFileReference; explicitFileType = wrapper.application; includeInIndex = 0; path = Kashier.app; sourceTree = BUILT_PRODUCTS_DIR; };
		13B07FB51A68108700A75B9A /* Images.xcassets */ = {isa = PBXFileReference; lastKnownFileType = folder.assetcatalog; name = Images.xcassets; path = Kashier/Images.xcassets; sourceTree = "<group>"; };
		13B07FB61A68108700A75B9A /* Info.plist */ = {isa = PBXFileReference; fileEncoding = 4; lastKnownFileType = text.plist.xml; name = Info.plist; path = Kashier/Info.plist; sourceTree = "<group>"; };
		19C2CD4AEB5544789209453F /* NotoNaskhArabic-Regular.ttf */ = {isa = PBXFileReference; explicitFileType = undefined; fileEncoding = undefined; includeInIndex = 0; lastKnownFileType = unknown; name = "NotoNaskhArabic-Regular.ttf"; path = "../src/shared/assets/fonts/NotoNaskhArabic-Regular.ttf"; sourceTree = "<group>"; };
		1E6CD311B9D344AC93CB0276 /* NotoSans-Medium.ttf */ = {isa = PBXFileReference; explicitFileType = undefined; fileEncoding = undefined; includeInIndex = 0; lastKnownFileType = unknown; name = "NotoSans-Medium.ttf"; path = "../src/shared/assets/fonts/NotoSans-Medium.ttf"; sourceTree = "<group>"; };
		2E9704E85013012C70440867 /* Pods-Kashier.release.xcconfig */ = {isa = PBXFileReference; includeInIndex = 1; lastKnownFileType = text.xcconfig; name = "Pods-Kashier.release.xcconfig"; path = "Target Support Files/Pods-Kashier/Pods-Kashier.release.xcconfig"; sourceTree = "<group>"; };
		3ABBBAC32E1D4911B274E61F /* NotoNaskhArabic-Medium.ttf */ = {isa = PBXFileReference; explicitFileType = undefined; fileEncoding = undefined; includeInIndex = 0; lastKnownFileType = unknown; name = "NotoNaskhArabic-Medium.ttf"; path = "../src/shared/assets/fonts/NotoNaskhArabic-Medium.ttf"; sourceTree = "<group>"; };
		556983CD32394229A1A99CE5 /* Cairo-Bold.ttf */ = {isa = PBXFileReference; explicitFileType = undefined; fileEncoding = undefined; includeInIndex = 0; lastKnownFileType = unknown; name = "Cairo-Bold.ttf"; path = "../src/shared/assets/fonts/Cairo-Bold.ttf"; sourceTree = "<group>"; };
		5BB27BFEB85A4806A3DDF51B /* Outfit-Bold.ttf */ = {isa = PBXFileReference; explicitFileType = undefined; fileEncoding = undefined; includeInIndex = 0; lastKnownFileType = unknown; name = "Outfit-Bold.ttf"; path = "../src/shared/assets/fonts/Outfit-Bold.ttf"; sourceTree = "<group>"; };
		5C7FEE64978F481CA230E0B0 /* Outfit-SemiBold.ttf */ = {isa = PBXFileReference; explicitFileType = undefined; fileEncoding = undefined; includeInIndex = 0; lastKnownFileType = unknown; name = "Outfit-SemiBold.ttf"; path = "../src/shared/assets/fonts/Outfit-SemiBold.ttf"; sourceTree = "<group>"; };
		5FA85889238A4736A144583C /* NotoSans-Bold.ttf */ = {isa = PBXFileReference; explicitFileType = undefined; fileEncoding = undefined; includeInIndex = 0; lastKnownFileType = unknown; name = "NotoSans-Bold.ttf"; path = "../src/shared/assets/fonts/NotoSans-Bold.ttf"; sourceTree = "<group>"; };
		63548035429443E196345B21 /* Cairo-Medium.ttf */ = {isa = PBXFileReference; explicitFileType = undefined; fileEncoding = undefined; includeInIndex = 0; lastKnownFileType = unknown; name = "Cairo-Medium.ttf"; path = "../src/shared/assets/fonts/Cairo-Medium.ttf"; sourceTree = "<group>"; };
		689AF4C5C98A2AA011D20E6B /* PrivacyInfo.xcprivacy */ = {isa = PBXFileReference; includeInIndex = 1; name = PrivacyInfo.xcprivacy; path = Kashier/PrivacyInfo.xcprivacy; sourceTree = "<group>"; };
		702836C13B2E39C2FEB028A0 /* Pods-Kashier.debug.xcconfig */ = {isa = PBXFileReference; includeInIndex = 1; lastKnownFileType = text.xcconfig; name = "Pods-Kashier.debug.xcconfig"; path = "Target Support Files/Pods-Kashier/Pods-Kashier.debug.xcconfig"; sourceTree = "<group>"; };
		92D32EC594DD499AAC1683C6 /* NotoNaskhArabic-SemiBold.ttf */ = {isa = PBXFileReference; explicitFileType = undefined; fileEncoding = undefined; includeInIndex = 0; lastKnownFileType = unknown; name = "NotoNaskhArabic-SemiBold.ttf"; path = "../src/shared/assets/fonts/NotoNaskhArabic-SemiBold.ttf"; sourceTree = "<group>"; };
		A049F14DDE52494099E39791 /* Cairo-SemiBold.ttf */ = {isa = PBXFileReference; explicitFileType = undefined; fileEncoding = undefined; includeInIndex = 0; lastKnownFileType = unknown; name = "Cairo-SemiBold.ttf"; path = "../src/shared/assets/fonts/Cairo-SemiBold.ttf"; sourceTree = "<group>"; };
		AA286B85B6C04FC6940260E9 /* SplashScreen.storyboard */ = {isa = PBXFileReference; fileEncoding = 4; lastKnownFileType = file.storyboard; name = SplashScreen.storyboard; path = Kashier/SplashScreen.storyboard; sourceTree = "<group>"; };
		BB2F792C24A3F905000567C9 /* Expo.plist */ = {isa = PBXFileReference; fileEncoding = 4; lastKnownFileType = text.plist.xml; path = Expo.plist; sourceTree = "<group>"; };
		BEA0D49AC1314771A05B3B6B /* NotoSans-SemiBold.ttf */ = {isa = PBXFileReference; explicitFileType = undefined; fileEncoding = undefined; includeInIndex = 0; lastKnownFileType = unknown; name = "NotoSans-SemiBold.ttf"; path = "../src/shared/assets/fonts/NotoSans-SemiBold.ttf"; sourceTree = "<group>"; };
		C0FBFE0D8BC8335FE374C4FB /* ExpoModulesProvider.swift */ = {isa = PBXFileReference; includeInIndex = 1; lastKnownFileType = sourcecode.swift; name = ExpoModulesProvider.swift; path = "Pods/Target Support Files/Pods-Kashier/ExpoModulesProvider.swift"; sourceTree = "<group>"; };
		CAAD21AECA044C409602751D /* Cairo-Regular.ttf */ = {isa = PBXFileReference; explicitFileType = undefined; fileEncoding = undefined; includeInIndex = 0; lastKnownFileType = unknown; name = "Cairo-Regular.ttf"; path = "../src/shared/assets/fonts/Cairo-Regular.ttf"; sourceTree = "<group>"; };
		CD5C9F7E17BE2864A201BF5D /* libPods-Kashier.a */ = {isa = PBXFileReference; explicitFileType = archive.ar; includeInIndex = 0; path = "libPods-Kashier.a"; sourceTree = BUILT_PRODUCTS_DIR; };
		D9180FBE9D8B47D593082BBF /* NotoNaskhArabic-Bold.ttf */ = {isa = PBXFileReference; explicitFileType = undefined; fileEncoding = undefined; includeInIndex = 0; lastKnownFileType = unknown; name = "NotoNaskhArabic-Bold.ttf"; path = "../src/shared/assets/fonts/NotoNaskhArabic-Bold.ttf"; sourceTree = "<group>"; };
		E8CA30768787433781650932 /* Outfit-Medium.ttf */ = {isa = PBXFileReference; explicitFileType = undefined; fileEncoding = undefined; includeInIndex = 0; lastKnownFileType = unknown; name = "Outfit-Medium.ttf"; path = "../src/shared/assets/fonts/Outfit-Medium.ttf"; sourceTree = "<group>"; };
		ED297162215061F000B7C4FE /* JavaScriptCore.framework */ = {isa = PBXFileReference; lastKnownFileType = wrapper.framework; name = JavaScriptCore.framework; path = System/Library/Frameworks/JavaScriptCore.framework; sourceTree = SDKROOT; };
		F11748412D0307B40044C1D9 /* AppDelegate.swift */ = {isa = PBXFileReference; lastKnownFileType = sourcecode.swift; name = AppDelegate.swift; path = Kashier/AppDelegate.swift; sourceTree = "<group>"; };
		F11748442D0722820044C1D9 /* Kashier-Bridging-Header.h */ = {isa = PBXFileReference; lastKnownFileType = sourcecode.c.h; name = "Kashier-Bridging-Header.h"; path = "Kashier/Kashier-Bridging-Header.h"; sourceTree = "<group>"; };
		F950D92B0D034887A5DB6FA0 /* GoogleService-Info.plist */ = {isa = PBXFileReference; explicitFileType = undefined; fileEncoding = 4; includeInIndex = 0; lastKnownFileType = text.plist.xml; name = "GoogleService-Info.plist"; path = "Kashier/GoogleService-Info.plist"; sourceTree = "<group>"; };
		FC8A7E1EFEEF4379A7910219 /* Outfit-Regular.ttf */ = {isa = PBXFileReference; explicitFileType = undefined; fileEncoding = undefined; includeInIndex = 0; lastKnownFileType = unknown; name = "Outfit-Regular.ttf"; path = "../src/shared/assets/fonts/Outfit-Regular.ttf"; sourceTree = "<group>"; };
/* End PBXFileReference section */

/* Begin PBXFrameworksBuildPhase section */
		13B07F8C1A680F5B00A75B9A /* Frameworks */ = {
			isa = PBXFrameworksBuildPhase;
			buildActionMask = 2147483647;
			files = (
				45FDD07AD72B89F3B8059AEF /* libPods-Kashier.a in Frameworks */,
			);
			runOnlyForDeploymentPostprocessing = 0;
		};
/* End PBXFrameworksBuildPhase section */

/* Begin PBXGroup section */
		004981198DA6FC112C84296F /* Kashier */ = {
			isa = PBXGroup;
			children = (
				C0FBFE0D8BC8335FE374C4FB /* ExpoModulesProvider.swift */,
			);
			name = Kashier;
			sourceTree = "<group>";
		};
		13B07FAE1A68108700A75B9A /* Kashier */ = {
			isa = PBXGroup;
			children = (
				F11748412D0307B40044C1D9 /* AppDelegate.swift */,
				F11748442D0722820044C1D9 /* Kashier-Bridging-Header.h */,
				BB2F792B24A3F905000567C9 /* Supporting */,
				13B07FB51A68108700A75B9A /* Images.xcassets */,
				13B07FB61A68108700A75B9A /* Info.plist */,
				AA286B85B6C04FC6940260E9 /* SplashScreen.storyboard */,
				F950D92B0D034887A5DB6FA0 /* GoogleService-Info.plist */,
				689AF4C5C98A2AA011D20E6B /* PrivacyInfo.xcprivacy */,
			);
			name = Kashier;
			sourceTree = "<group>";
		};
		2792FA4B9BF94B72AF39B202 /* Resources */ = {
			isa = PBXGroup;
			children = (
				CAAD21AECA044C409602751D /* Cairo-Regular.ttf */,
				63548035429443E196345B21 /* Cairo-Medium.ttf */,
				A049F14DDE52494099E39791 /* Cairo-SemiBold.ttf */,
				556983CD32394229A1A99CE5 /* Cairo-Bold.ttf */,
				E8CA30768787433781650932 /* Outfit-Medium.ttf */,
				FC8A7E1EFEEF4379A7910219 /* Outfit-Regular.ttf */,
				5BB27BFEB85A4806A3DDF51B /* Outfit-Bold.ttf */,
				5C7FEE64978F481CA230E0B0 /* Outfit-SemiBold.ttf */,
				3ABBBAC32E1D4911B274E61F /* NotoNaskhArabic-Medium.ttf */,
				19C2CD4AEB5544789209453F /* NotoNaskhArabic-Regular.ttf */,
				D9180FBE9D8B47D593082BBF /* NotoNaskhArabic-Bold.ttf */,
				92D32EC594DD499AAC1683C6 /* NotoNaskhArabic-SemiBold.ttf */,
				1E6CD311B9D344AC93CB0276 /* NotoSans-Medium.ttf */,
				06EF99F013E7462CBFF4BF20 /* NotoSans-Regular.ttf */,
				5FA85889238A4736A144583C /* NotoSans-Bold.ttf */,
				BEA0D49AC1314771A05B3B6B /* NotoSans-SemiBold.ttf */,
			);
			name = Resources;
			path = "";
			sourceTree = "<group>";
		};
		2D16E6871FA4F8E400B85C8A /* Frameworks */ = {
			isa = PBXGroup;
			children = (
				ED297162215061F000B7C4FE /* JavaScriptCore.framework */,
				CD5C9F7E17BE2864A201BF5D /* libPods-Kashier.a */,
			);
			name = Frameworks;
			sourceTree = "<group>";
		};
		832341AE1AAA6A7D00B99B32 /* Libraries */ = {
			isa = PBXGroup;
			children = (
			);
			name = Libraries;
			sourceTree = "<group>";
		};
		83CBB9F61A601CBA00E9B192 = {
			isa = PBXGroup;
			children = (
				13B07FAE1A68108700A75B9A /* Kashier */,
				832341AE1AAA6A7D00B99B32 /* Libraries */,
				83CBBA001A601CBA00E9B192 /* Products */,
				2D16E6871FA4F8E400B85C8A /* Frameworks */,
				2792FA4B9BF94B72AF39B202 /* Resources */,
				C3FBABC2F8460E434E739EC7 /* Pods */,
				DE256EE25D9CC3AC69B34506 /* ExpoModulesProviders */,
			);
			indentWidth = 2;
			sourceTree = "<group>";
			tabWidth = 2;
			usesTabs = 0;
		};
		83CBBA001A601CBA00E9B192 /* Products */ = {
			isa = PBXGroup;
			children = (
				13B07F961A680F5B00A75B9A /* Kashier.app */,
			);
			name = Products;
			sourceTree = "<group>";
		};
		BB2F792B24A3F905000567C9 /* Supporting */ = {
			isa = PBXGroup;
			children = (
				BB2F792C24A3F905000567C9 /* Expo.plist */,
			);
			name = Supporting;
			path = Kashier/Supporting;
			sourceTree = "<group>";
		};
		C3FBABC2F8460E434E739EC7 /* Pods */ = {
			isa = PBXGroup;
			children = (
				702836C13B2E39C2FEB028A0 /* Pods-Kashier.debug.xcconfig */,
				2E9704E85013012C70440867 /* Pods-Kashier.release.xcconfig */,
			);
			name = Pods;
			path = Pods;
			sourceTree = "<group>";
		};
		DE256EE25D9CC3AC69B34506 /* ExpoModulesProviders */ = {
			isa = PBXGroup;
			children = (
				004981198DA6FC112C84296F /* Kashier */,
			);
			name = ExpoModulesProviders;
			sourceTree = "<group>";
		};
/* End PBXGroup section */

/* Begin PBXNativeTarget section */
		13B07F861A680F5B00A75B9A /* Kashier */ = {
			isa = PBXNativeTarget;
			buildConfigurationList = 13B07F931A680F5B00A75B9A /* Build configuration list for PBXNativeTarget "Kashier" */;
			buildPhases = (
				08A4A3CD28434E44B6B9DE2E /* [CP] Check Pods Manifest.lock */,
				4E1BCB3DAC71E841403F5E04 /* [Expo] Configure project */,
				13B07F871A680F5B00A75B9A /* Sources */,
				13B07F8C1A680F5B00A75B9A /* Frameworks */,
				13B07F8E1A680F5B00A75B9A /* Resources */,
				00DD1BFF1BD5951E006B06BC /* Bundle React Native code and images */,
				800E24972A6A228C8D4807E9 /* [CP] Copy Pods Resources */,
				383B4CA4528211319D597136 /* [CP] Embed Pods Frameworks */,
			);
			buildRules = (
			);
			dependencies = (
			);
			name = Kashier;
			productName = Kashier;
			productReference = 13B07F961A680F5B00A75B9A /* Kashier.app */;
			productType = "com.apple.product-type.application";
		};
/* End PBXNativeTarget section */

/* Begin PBXProject section */
		83CBB9F71A601CBA00E9B192 /* Project object */ = {
			isa = PBXProject;
			attributes = {
				LastUpgradeCheck = 1130;
				TargetAttributes = {
					13B07F861A680F5B00A75B9A = {
						LastSwiftMigration = 1250;
					};
				};
			};
			buildConfigurationList = 83CBB9FA1A601CBA00E9B192 /* Build configuration list for PBXProject "Kashier" */;
			compatibilityVersion = "Xcode 3.2";
			developmentRegion = en;
			hasScannedForEncodings = 0;
			knownRegions = (
				en,
				Base,
			);
			mainGroup = 83CBB9F61A601CBA00E9B192;
			productRefGroup = 83CBBA001A601CBA00E9B192 /* Products */;
			projectDirPath = "";
			projectRoot = "";
			targets = (
				13B07F861A680F5B00A75B9A /* Kashier */,
			);
		};
/* End PBXProject section */

/* Begin PBXResourcesBuildPhase section */
		13B07F8E1A680F5B00A75B9A /* Resources */ = {
			isa = PBXResourcesBuildPhase;
			buildActionMask = 2147483647;
			files = (
				BB2F792D24A3F905000567C9 /* Expo.plist in Resources */,
				13B07FBF1A68108700A75B9A /* Images.xcassets in Resources */,
				3E461D99554A48A4959DE609 /* SplashScreen.storyboard in Resources */,
				07EECC6A19CD43E2971D587B /* GoogleService-Info.plist in Resources */,
				07D4ED59C573437FAC406A21 /* Cairo-Regular.ttf in Resources */,
				D6B2F1BAC63C4018B8A26C16 /* Cairo-Medium.ttf in Resources */,
				28847692ACF64E8093342F07 /* Cairo-SemiBold.ttf in Resources */,
				90BC9B3A2EDD44A2B103C5F6 /* Cairo-Bold.ttf in Resources */,
				A3C0E6CE180B4781AC31E6DA /* Outfit-Medium.ttf in Resources */,
				3B9B9E6E7BA44997A64304C2 /* Outfit-Regular.ttf in Resources */,
				3FE5AFE712FF4C25B226BB75 /* Outfit-Bold.ttf in Resources */,
				7B0B7DF9F2E64071B442D00D /* Outfit-SemiBold.ttf in Resources */,
				8A7A2D6DA84C4A569F32CFA1 /* NotoNaskhArabic-Medium.ttf in Resources */,
				91F5F0F3F3D3487CAAA204FB /* NotoNaskhArabic-Regular.ttf in Resources */,
				8256BD4143BE4FF781A85DA1 /* NotoNaskhArabic-Bold.ttf in Resources */,
				BB632A41E902460AAB491FA9 /* NotoNaskhArabic-SemiBold.ttf in Resources */,
				52C49C49DF5A4C8193C0365B /* NotoSans-Medium.ttf in Resources */,
				2CF757E507FF4A2B87582023 /* NotoSans-Regular.ttf in Resources */,
				EB1179178F1B41819F655CEB /* NotoSans-Bold.ttf in Resources */,
				5B04A518E1644DD79EA6B0E1 /* NotoSans-SemiBold.ttf in Resources */,
				4B1AFA9A8982860AD57B2F02 /* PrivacyInfo.xcprivacy in Resources */,
			);
			runOnlyForDeploymentPostprocessing = 0;
		};
/* End PBXResourcesBuildPhase section */

/* Begin PBXShellScriptBuildPhase section */
		00DD1BFF1BD5951E006B06BC /* Bundle React Native code and images */ = {
			isa = PBXShellScriptBuildPhase;
			alwaysOutOfDate = 1;
			buildActionMask = 2147483647;
			files = (
			);
			inputPaths = (
				"$(SRCROOT)/.xcode.env",
				"$(SRCROOT)/.xcode.env.local",
			);
			name = "Bundle React Native code and images";
			outputPaths = (
			);
			runOnlyForDeploymentPostprocessing = 0;
			shellPath = /bin/sh;
			shellScript = "if [[ -f \"$PODS_ROOT/../.xcode.env\" ]]; then\n  source \"$PODS_ROOT/../.xcode.env\"\nfi\nif [[ -f \"$PODS_ROOT/../.xcode.env.local\" ]]; then\n  source \"$PODS_ROOT/../.xcode.env.local\"\nfi\n\n# The project root by default is one level up from the ios directory\nexport PROJECT_ROOT=\"$PROJECT_DIR\"/..\n\nif [[ \"$CONFIGURATION\" = *Debug* ]]; then\n  export SKIP_BUNDLING=1\nfi\nif [[ -z \"$ENTRY_FILE\" ]]; then\n  # Set the entry JS file using the bundler's entry resolution.\n  export ENTRY_FILE=\"$(\"$NODE_BINARY\" -e \"require('expo/scripts/resolveAppEntry')\" \"$PROJECT_ROOT\" ios absolute | tail -n 1)\"\nfi\n\nif [[ -z \"$CLI_PATH\" ]]; then\n  # Use Expo CLI\n  export CLI_PATH=\"$(\"$NODE_BINARY\" --print \"require.resolve('@expo/cli', { paths: [require.resolve('expo/package.json')] })\")\"\nfi\nif [[ -z \"$BUNDLE_COMMAND\" ]]; then\n  # Default Expo CLI command for bundling\n  export BUNDLE_COMMAND=\"export:embed\"\nfi\n\n# Source .xcode.env.updates if it exists to allow\n# SKIP_BUNDLING to be unset if needed\nif [[ -f \"$PODS_ROOT/../.xcode.env.updates\" ]]; then\n  source \"$PODS_ROOT/../.xcode.env.updates\"\nfi\n# Source local changes to allow overrides\n# if needed\nif [[ -f \"$PODS_ROOT/../.xcode.env.local\" ]]; then\n  source \"$PODS_ROOT/../.xcode.env.local\"\nfi\n\n`\"$NODE_BINARY\" --print \"require('path').dirname(require.resolve('react-native/package.json')) + '/scripts/react-native-xcode.sh'\"`\n\n";
		};
		08A4A3CD28434E44B6B9DE2E /* [CP] Check Pods Manifest.lock */ = {
			isa = PBXShellScriptBuildPhase;
			buildActionMask = 2147483647;
			files = (
			);
			inputFileListPaths = (
			);
			inputPaths = (
				"${PODS_PODFILE_DIR_PATH}/Podfile.lock",
				"${PODS_ROOT}/Manifest.lock",
			);
			name = "[CP] Check Pods Manifest.lock";
			outputFileListPaths = (
			);
			outputPaths = (
				"$(DERIVED_FILE_DIR)/Pods-Kashier-checkManifestLockResult.txt",
			);
			runOnlyForDeploymentPostprocessing = 0;
			shellPath = /bin/sh;
			shellScript = "diff \"${PODS_PODFILE_DIR_PATH}/Podfile.lock\" \"${PODS_ROOT}/Manifest.lock\" > /dev/null\nif [ $? != 0 ] ; then\n    # print error to STDERR\n    echo \"error: The sandbox is not in sync with the Podfile.lock. Run 'pod install' or update your CocoaPods installation.\" >&2\n    exit 1\nfi\n# This output is used by Xcode 'outputs' to avoid re-running this script phase.\necho \"SUCCESS\" > \"${SCRIPT_OUTPUT_FILE_0}\"\n";
			showEnvVarsInLog = 0;
		};
		383B4CA4528211319D597136 /* [CP] Embed Pods Frameworks */ = {
			isa = PBXShellScriptBuildPhase;
			buildActionMask = 2147483647;
			files = (
			);
			inputPaths = (
				"${PODS_ROOT}/Target Support Files/Pods-Kashier/Pods-Kashier-frameworks.sh",
				"${PODS_XCFRAMEWORKS_BUILD_DIR}/React-Core-prebuilt/React.framework/React",
				"${PODS_XCFRAMEWORKS_BUILD_DIR}/ReactNativeDependencies/ReactNativeDependencies.framework/ReactNativeDependencies",
				"${PODS_XCFRAMEWORKS_BUILD_DIR}/hermes-engine/Pre-built/hermes.framework/hermes",
			);
			name = "[CP] Embed Pods Frameworks";
			outputPaths = (
				"${TARGET_BUILD_DIR}/${FRAMEWORKS_FOLDER_PATH}/React.framework",
				"${TARGET_BUILD_DIR}/${FRAMEWORKS_FOLDER_PATH}/ReactNativeDependencies.framework",
				"${TARGET_BUILD_DIR}/${FRAMEWORKS_FOLDER_PATH}/hermes.framework",
			);
			runOnlyForDeploymentPostprocessing = 0;
			shellPath = /bin/sh;
			shellScript = "\"${PODS_ROOT}/Target Support Files/Pods-Kashier/Pods-Kashier-frameworks.sh\"\n";
			showEnvVarsInLog = 0;
		};
		4E1BCB3DAC71E841403F5E04 /* [Expo] Configure project */ = {
			isa = PBXShellScriptBuildPhase;
			alwaysOutOfDate = 1;
			buildActionMask = 2147483647;
			files = (
			);
			inputFileListPaths = (
			);
			inputPaths = (
				"$(SRCROOT)/.xcode.env",
				"$(SRCROOT)/.xcode.env.local",
				"$(SRCROOT)/Kashier/Kashier.entitlements",
				"$(SRCROOT)/Pods/Target Support Files/Pods-Kashier/expo-configure-project.sh",
			);
			name = "[Expo] Configure project";
			outputFileListPaths = (
			);
			outputPaths = (
				"$(SRCROOT)/Pods/Target Support Files/Pods-Kashier/ExpoModulesProvider.swift",
			);
			runOnlyForDeploymentPostprocessing = 0;
			shellPath = /bin/sh;
			shellScript = "# This script configures Expo modules and generates the modules provider file.\nbash -l -c \"./Pods/Target\\ Support\\ Files/Pods-Kashier/expo-configure-project.sh\"\n";
		};
		800E24972A6A228C8D4807E9 /* [CP] Copy Pods Resources */ = {
			isa = PBXShellScriptBuildPhase;
			buildActionMask = 2147483647;
			files = (
			);
			inputPaths = (
				"${PODS_ROOT}/Target Support Files/Pods-Kashier/Pods-Kashier-resources.sh",
				"${PODS_CONFIGURATION_BUILD_DIR}/EXApplication/ExpoApplication_privacy.bundle",
				"${PODS_CONFIGURATION_BUILD_DIR}/EXConstants/EXConstants.bundle",
				"${PODS_CONFIGURATION_BUILD_DIR}/EXConstants/ExpoConstants_privacy.bundle",
				"${PODS_CONFIGURATION_BUILD_DIR}/EXNotifications/ExpoNotifications_privacy.bundle",
				"${PODS_CONFIGURATION_BUILD_DIR}/EXUpdates/EXUpdates.bundle",
				"${PODS_CONFIGURATION_BUILD_DIR}/ExpoDevice/ExpoDevice_privacy.bundle",
				"${PODS_CONFIGURATION_BUILD_DIR}/ExpoFileSystem/ExpoFileSystem_privacy.bundle",
				"${PODS_CONFIGURATION_BUILD_DIR}/ExpoLocalization/ExpoLocalization_privacy.bundle",
				"${PODS_CONFIGURATION_BUILD_DIR}/ExpoSystemUI/ExpoSystemUI_privacy.bundle",
				"${PODS_CONFIGURATION_BUILD_DIR}/RNCAsyncStorage/RNCAsyncStorage_resources.bundle",
				"${PODS_CONFIGURATION_BUILD_DIR}/RNSVG/RNSVGFilters.bundle",
				"${PODS_CONFIGURATION_BUILD_DIR}/ReachabilitySwift/ReachabilitySwift.bundle",
				"${PODS_CONFIGURATION_BUILD_DIR}/React-Core/React-Core_privacy.bundle",
				"${PODS_CONFIGURATION_BUILD_DIR}/React-cxxreact/React-cxxreact_privacy.bundle",
				"${PODS_CONFIGURATION_BUILD_DIR}/SDWebImage/SDWebImage.bundle",
				"${PODS_CONFIGURATION_BUILD_DIR}/expo-dev-launcher/EXDevLauncher.bundle",
				"${PODS_CONFIGURATION_BUILD_DIR}/expo-dev-menu/EXDevMenu.bundle",
				"${PODS_CONFIGURATION_BUILD_DIR}/lottie-ios/LottiePrivacyInfo.bundle",
				"${PODS_CONFIGURATION_BUILD_DIR}/lottie-react-native/Lottie_React_Native_Privacy.bundle",
			);
			name = "[CP] Copy Pods Resources";
			outputPaths = (
				"${TARGET_BUILD_DIR}/${UNLOCALIZED_RESOURCES_FOLDER_PATH}/ExpoApplication_privacy.bundle",
				"${TARGET_BUILD_DIR}/${UNLOCALIZED_RESOURCES_FOLDER_PATH}/EXConstants.bundle",
				"${TARGET_BUILD_DIR}/${UNLOCALIZED_RESOURCES_FOLDER_PATH}/ExpoConstants_privacy.bundle",
				"${TARGET_BUILD_DIR}/${UNLOCALIZED_RESOURCES_FOLDER_PATH}/ExpoNotifications_privacy.bundle",
				"${TARGET_BUILD_DIR}/${UNLOCALIZED_RESOURCES_FOLDER_PATH}/EXUpdates.bundle",
				"${TARGET_BUILD_DIR}/${UNLOCALIZED_RESOURCES_FOLDER_PATH}/ExpoDevice_privacy.bundle",
				"${TARGET_BUILD_DIR}/${UNLOCALIZED_RESOURCES_FOLDER_PATH}/ExpoFileSystem_privacy.bundle",
				"${TARGET_BUILD_DIR}/${UNLOCALIZED_RESOURCES_FOLDER_PATH}/ExpoLocalization_privacy.bundle",
				"${TARGET_BUILD_DIR}/${UNLOCALIZED_RESOURCES_FOLDER_PATH}/ExpoSystemUI_privacy.bundle",
				"${TARGET_BUILD_DIR}/${UNLOCALIZED_RESOURCES_FOLDER_PATH}/RNCAsyncStorage_resources.bundle",
				"${TARGET_BUILD_DIR}/${UNLOCALIZED_RESOURCES_FOLDER_PATH}/RNSVGFilters.bundle",
				"${TARGET_BUILD_DIR}/${UNLOCALIZED_RESOURCES_FOLDER_PATH}/ReachabilitySwift.bundle",
				"${TARGET_BUILD_DIR}/${UNLOCALIZED_RESOURCES_FOLDER_PATH}/React-Core_privacy.bundle",
				"${TARGET_BUILD_DIR}/${UNLOCALIZED_RESOURCES_FOLDER_PATH}/React-cxxreact_privacy.bundle",
				"${TARGET_BUILD_DIR}/${UNLOCALIZED_RESOURCES_FOLDER_PATH}/SDWebImage.bundle",
				"${TARGET_BUILD_DIR}/${UNLOCALIZED_RESOURCES_FOLDER_PATH}/EXDevLauncher.bundle",
				"${TARGET_BUILD_DIR}/${UNLOCALIZED_RESOURCES_FOLDER_PATH}/EXDevMenu.bundle",
				"${TARGET_BUILD_DIR}/${UNLOCALIZED_RESOURCES_FOLDER_PATH}/LottiePrivacyInfo.bundle",
				"${TARGET_BUILD_DIR}/${UNLOCALIZED_RESOURCES_FOLDER_PATH}/Lottie_React_Native_Privacy.bundle",
			);
			runOnlyForDeploymentPostprocessing = 0;
			shellPath = /bin/sh;
			shellScript = "\"${PODS_ROOT}/Target Support Files/Pods-Kashier/Pods-Kashier-resources.sh\"\n";
			showEnvVarsInLog = 0;
		};
/* End PBXShellScriptBuildPhase section */

/* Begin PBXSourcesBuildPhase section */
		13B07F871A680F5B00A75B9A /* Sources */ = {
			isa = PBXSourcesBuildPhase;
			buildActionMask = 2147483647;
			files = (
				F11748422D0307B40044C1D9 /* AppDelegate.swift in Sources */,
				B62032D8E553877701C62D56 /* ExpoModulesProvider.swift in Sources */,
			);
			runOnlyForDeploymentPostprocessing = 0;
		};
/* End PBXSourcesBuildPhase section */

/* Begin XCBuildConfiguration section */
		13B07F941A680F5B00A75B9A /* Debug */ = {
			isa = XCBuildConfiguration;
			baseConfigurationReference = 702836C13B2E39C2FEB028A0 /* Pods-Kashier.debug.xcconfig */;
			buildSettings = {
				ASSETCATALOG_COMPILER_APPICON_NAME = AppIcon;
				CLANG_ENABLE_MODULES = YES;
				CODE_SIGN_ENTITLEMENTS = Kashier/Kashier.entitlements;
				CURRENT_PROJECT_VERSION = 1;
				ENABLE_BITCODE = NO;
				GCC_PREPROCESSOR_DEFINITIONS = (
					"$(inherited)",
					"FB_SONARKIT_ENABLED=1",
				);
				INFOPLIST_FILE = Kashier/Info.plist;
				IPHONEOS_DEPLOYMENT_TARGET = 15.1;
				LD_RUNPATH_SEARCH_PATHS = (
					"$(inherited)",
					"@executable_path/Frameworks",
				);
				MARKETING_VERSION = 1.0;
				OTHER_LDFLAGS = (
					"$(inherited)",
					"-ObjC",
					"-lc++",
				);
				OTHER_SWIFT_FLAGS = "$(inherited) -D EXPO_CONFIGURATION_DEBUG";
				PRODUCT_BUNDLE_IDENTIFIER = com.kashier.merchantapp;
				PRODUCT_NAME = Kashier;
				SWIFT_OBJC_BRIDGING_HEADER = "Kashier/Kashier-Bridging-Header.h";
				SWIFT_OPTIMIZATION_LEVEL = "-Onone";
				SWIFT_VERSION = 5.0;
				TARGETED_DEVICE_FAMILY = "1,2";
				VERSIONING_SYSTEM = "apple-generic";
			};
			name = Debug;
		};
		13B07F951A680F5B00A75B9A /* Release */ = {
			isa = XCBuildConfiguration;
			baseConfigurationReference = 2E9704E85013012C70440867 /* Pods-Kashier.release.xcconfig */;
			buildSettings = {
				ASSETCATALOG_COMPILER_APPICON_NAME = AppIcon;
				CLANG_ENABLE_MODULES = YES;
				CODE_SIGN_ENTITLEMENTS = Kashier/Kashier.entitlements;
				CURRENT_PROJECT_VERSION = 1;
				INFOPLIST_FILE = Kashier/Info.plist;
				IPHONEOS_DEPLOYMENT_TARGET = 15.1;
				LD_RUNPATH_SEARCH_PATHS = (
					"$(inherited)",
					"@executable_path/Frameworks",
				);
				MARKETING_VERSION = 1.0;
				OTHER_LDFLAGS = (
					"$(inherited)",
					"-ObjC",
					"-lc++",
				);
				OTHER_SWIFT_FLAGS = "$(inherited) -D EXPO_CONFIGURATION_RELEASE";
				PRODUCT_BUNDLE_IDENTIFIER = com.kashier.merchantapp;
				PRODUCT_NAME = Kashier;
				SWIFT_OBJC_BRIDGING_HEADER = "Kashier/Kashier-Bridging-Header.h";
				SWIFT_VERSION = 5.0;
				TARGETED_DEVICE_FAMILY = "1,2";
				VERSIONING_SYSTEM = "apple-generic";
			};
			name = Release;
		};
		83CBBA201A601CBA00E9B192 /* Debug */ = {
			isa = XCBuildConfiguration;
			buildSettings = {
				ALWAYS_SEARCH_USER_PATHS = NO;
				CLANG_ANALYZER_LOCALIZABILITY_NONLOCALIZED = YES;
				CLANG_CXX_LANGUAGE_STANDARD = "c++20";
				CLANG_CXX_LIBRARY = "libc++";
				CLANG_ENABLE_MODULES = YES;
				CLANG_ENABLE_OBJC_ARC = YES;
				CLANG_WARN_BLOCK_CAPTURE_AUTORELEASING = YES;
				CLANG_WARN_BOOL_CONVERSION = YES;
				CLANG_WARN_COMMA = YES;
				CLANG_WARN_CONSTANT_CONVERSION = YES;
				CLANG_WARN_DEPRECATED_OBJC_IMPLEMENTATIONS = YES;
				CLANG_WARN_DIRECT_OBJC_ISA_USAGE = YES_ERROR;
				CLANG_WARN_EMPTY_BODY = YES;
				CLANG_WARN_ENUM_CONVERSION = YES;
				CLANG_WARN_INFINITE_RECURSION = YES;
				CLANG_WARN_INT_CONVERSION = YES;
				CLANG_WARN_NON_LITERAL_NULL_CONVERSION = YES;
				CLANG_WARN_OBJC_IMPLICIT_RETAIN_SELF = YES;
				CLANG_WARN_OBJC_LITERAL_CONVERSION = YES;
				CLANG_WARN_OBJC_ROOT_CLASS = YES_ERROR;
				CLANG_WARN_RANGE_LOOP_ANALYSIS = YES;
				CLANG_WARN_STRICT_PROTOTYPES = YES;
				CLANG_WARN_SUSPICIOUS_MOVE = YES;
				CLANG_WARN_UNREACHABLE_CODE = YES;
				CLANG_WARN__DUPLICATE_METHOD_MATCH = YES;
				"CODE_SIGN_IDENTITY[sdk=iphoneos*]" = "iPhone Developer";
				COPY_PHASE_STRIP = NO;
				ENABLE_STRICT_OBJC_MSGSEND = YES;
				ENABLE_TESTABILITY = YES;
				GCC_C_LANGUAGE_STANDARD = gnu99;
				GCC_DYNAMIC_NO_PIC = NO;
				GCC_NO_COMMON_BLOCKS = YES;
				GCC_OPTIMIZATION_LEVEL = 0;
				GCC_PREPROCESSOR_DEFINITIONS = (
					"DEBUG=1",
					"$(inherited)",
				);
				GCC_SYMBOLS_PRIVATE_EXTERN = NO;
				GCC_WARN_64_TO_32_BIT_CONVERSION = YES;
				GCC_WARN_ABOUT_RETURN_TYPE = YES_ERROR;
				GCC_WARN_UNDECLARED_SELECTOR = YES;
				GCC_WARN_UNINITIALIZED_AUTOS = YES_AGGRESSIVE;
				GCC_WARN_UNUSED_FUNCTION = YES;
				GCC_WARN_UNUSED_VARIABLE = YES;
				IPHONEOS_DEPLOYMENT_TARGET = 15.1;
				LD_RUNPATH_SEARCH_PATHS = (
					/usr/lib/swift,
					"$(inherited)",
				);
				LIBRARY_SEARCH_PATHS = "$(SDKROOT)/usr/lib/swift\"$(inherited)\"";
				MTL_ENABLE_DEBUG_INFO = YES;
				ONLY_ACTIVE_ARCH = YES;
				REACT_NATIVE_PATH = "${PODS_ROOT}/../../node_modules/react-native";
				SDKROOT = iphoneos;
				SWIFT_ACTIVE_COMPILATION_CONDITIONS = "$(inherited) DEBUG";
				SWIFT_ENABLE_EXPLICIT_MODULES = NO;
				USE_HERMES = true;
			};
			name = Debug;
		};
		83CBBA211A601CBA00E9B192 /* Release */ = {
			isa = XCBuildConfiguration;
			buildSettings = {
				ALWAYS_SEARCH_USER_PATHS = NO;
				CLANG_ANALYZER_LOCALIZABILITY_NONLOCALIZED = YES;
				CLANG_CXX_LANGUAGE_STANDARD = "c++20";
				CLANG_CXX_LIBRARY = "libc++";
				CLANG_ENABLE_MODULES = YES;
				CLANG_ENABLE_OBJC_ARC = YES;
				CLANG_WARN_BLOCK_CAPTURE_AUTORELEASING = YES;
				CLANG_WARN_BOOL_CONVERSION = YES;
				CLANG_WARN_COMMA = YES;
				CLANG_WARN_CONSTANT_CONVERSION = YES;
				CLANG_WARN_DEPRECATED_OBJC_IMPLEMENTATIONS = YES;
				CLANG_WARN_DIRECT_OBJC_ISA_USAGE = YES_ERROR;
				CLANG_WARN_EMPTY_BODY = YES;
				CLANG_WARN_ENUM_CONVERSION = YES;
				CLANG_WARN_INFINITE_RECURSION = YES;
				CLANG_WARN_INT_CONVERSION = YES;
				CLANG_WARN_NON_LITERAL_NULL_CONVERSION = YES;
				CLANG_WARN_OBJC_IMPLICIT_RETAIN_SELF = YES;
				CLANG_WARN_OBJC_LITERAL_CONVERSION = YES;
				CLANG_WARN_OBJC_ROOT_CLASS = YES_ERROR;
				CLANG_WARN_RANGE_LOOP_ANALYSIS = YES;
				CLANG_WARN_STRICT_PROTOTYPES = YES;
				CLANG_WARN_SUSPICIOUS_MOVE = YES;
				CLANG_WARN_UNREACHABLE_CODE = YES;
				CLANG_WARN__DUPLICATE_METHOD_MATCH = YES;
				"CODE_SIGN_IDENTITY[sdk=iphoneos*]" = "iPhone Developer";
				COPY_PHASE_STRIP = YES;
				ENABLE_NS_ASSERTIONS = NO;
				ENABLE_STRICT_OBJC_MSGSEND = YES;
				GCC_C_LANGUAGE_STANDARD = gnu99;
				GCC_NO_COMMON_BLOCKS = YES;
				GCC_WARN_64_TO_32_BIT_CONVERSION = YES;
				GCC_WARN_ABOUT_RETURN_TYPE = YES_ERROR;
				GCC_WARN_UNDECLARED_SELECTOR = YES;
				GCC_WARN_UNINITIALIZED_AUTOS = YES_AGGRESSIVE;
				GCC_WARN_UNUSED_FUNCTION = YES;
				GCC_WARN_UNUSED_VARIABLE = YES;
				IPHONEOS_DEPLOYMENT_TARGET = 15.1;
				LD_RUNPATH_SEARCH_PATHS = (
					/usr/lib/swift,
					"$(inherited)",
				);
				LIBRARY_SEARCH_PATHS = "$(SDKROOT)/usr/lib/swift\"$(inherited)\"";
				MTL_ENABLE_DEBUG_INFO = NO;
				REACT_NATIVE_PATH = "${PODS_ROOT}/../../node_modules/react-native";
				SDKROOT = iphoneos;
				SWIFT_ENABLE_EXPLICIT_MODULES = NO;
				USE_HERMES = true;
				VALIDATE_PRODUCT = YES;
			};
			name = Release;
		};
/* End XCBuildConfiguration section */

/* Begin XCConfigurationList section */
		13B07F931A680F5B00A75B9A /* Build configuration list for PBXNativeTarget "Kashier" */ = {
			isa = XCConfigurationList;
			buildConfigurations = (
				13B07F941A680F5B00A75B9A /* Debug */,
				13B07F951A680F5B00A75B9A /* Release */,
			);
			defaultConfigurationIsVisible = 0;
			defaultConfigurationName = Release;
		};
		83CBB9FA1A601CBA00E9B192 /* Build configuration list for PBXProject "Kashier" */ = {
			isa = XCConfigurationList;
			buildConfigurations = (
				83CBBA201A601CBA00E9B192 /* Debug */,
				83CBBA211A601CBA00E9B192 /* Release */,
			);
			defaultConfigurationIsVisible = 0;
			defaultConfigurationName = Release;
		};
/* End XCConfigurationList section */
	};
	rootObject = 83CBB9F71A601CBA00E9B192 /* Project object */;
}
